# This file is autogenerated, do not edit; changes may be undone by the next 'dep ensure'.


[[projects]]
  name = "github.com/google/go-querystring"
  packages = ["query"]
  revision = "44c6ddd0a2342c386950e880b658017258da92fc"
  version = "v1.0.0"

[[projects]]
  name = "github.com/gorilla/websocket"
  packages = ["."]
  revision = "c3e18be99d19e6b3e8f1559eea2c161a665c4b6b"
  version = "v1.4.1"

[[projects]]
  name = "github.com/pkg/errors"
  packages = ["."]
  revision = "ba968bfe8b2f7e042a574c888954fccecfa385b4"
  version = "v0.8.1"

[[projects]]
  branch = "master"
  name = "github.com/viki-org/dnscache"
  packages = ["."]
  revision = "c70c1f23c5d84ab39054ec6b418a5ed0fa51cade"

[solve-meta]
  analyzer-name = "dep"
  analyzer-version = 1
  inputs-digest = "a883faf841542c06c06839286944c06fe9b0e7dcf722d37226ebe1dcd2871703"
  solver-name = "gps-cdcl"
  solver-version = 1
